
Microsoft Visual Studio Solution File, Format Version 12.00
# Visual Studio Version 16
VisualStudioVersion = 16.0.29519.87
MinimumVisualStudioVersion = 10.0.40219.1
Project("{9A19103F-16F7-4668-BE54-9A1E7A4F7556}") = "xUnitBlogPostsSeries", "xUnitBlogPostsSeries.csproj", "{B98F7BCF-8EAD-4967-9B52-01181136E01D}"
EndProject
Project("{9A19103F-16F7-4668-BE54-9A1E7A4F7556}") = "xUnitBlogPostsSeriesTests", "..\xUnitBlogPostsSeriesTests\xUnitBlogPostsSeriesTests.csproj", "{A61F0F7E-9514-4C5A-9EB0-F2DA9D906FAD}"
EndProject
Global
	GlobalSection(SolutionConfigurationPlatforms) = preSolution
		Debug|Any CPU = Debug|Any CPU
		Release|Any CPU = Release|Any CPU
	EndGlobalSection
	GlobalSection(ProjectConfigurationPlatforms) = postSolution
		{B98F7BCF-8EAD-4967-9B52-01181136E01D}.Debug|Any CPU.ActiveCfg = Debug|Any CPU
		{B98F7BCF-8EAD-4967-9B52-01181136E01D}.Debug|Any CPU.Build.0 = Debug|Any CPU
		{B98F7BCF-8EAD-4967-9B52-01181136E01D}.Release|Any CPU.ActiveCfg = Release|Any CPU
		{B98F7BCF-8EAD-4967-9B52-01181136E01D}.Release|Any CPU.Build.0 = Release|Any CPU
		{A61F0F7E-9514-4C5A-9EB0-F2DA9D906FAD}.Debug|Any CPU.ActiveCfg = Debug|Any CPU
		{A61F0F7E-9514-4C5A-9EB0-F2DA9D906FAD}.Debug|Any CPU.Build.0 = Debug|Any CPU
		{A61F0F7E-9514-4C5A-9EB0-F2DA9D906FAD}.Release|Any CPU.ActiveCfg = Release|Any CPU
		{A61F0F7E-9514-4C5A-9EB0-F2DA9D906FAD}.Release|Any CPU.Build.0 = Release|Any CPU
	EndGlobalSection
	GlobalSection(SolutionProperties) = preSolution
		HideSolutionNode = FALSE
	EndGlobalSection
	GlobalSection(ExtensibilityGlobals) = postSolution
		SolutionGuid = {116B93A1-0A19-44AA-B376-D873D2880ED9}
	EndGlobalSection
EndGlobal
